
Microsoft Visual Studio Solution File, Format Version 12.00
# Visual Studio Version 17
VisualStudioVersion = 17.2.32630.192
MinimumVisualStudioVersion = 10.0.40219.1
Project("{FAE04EC0-301F-11D3-BF4B-00C04F79EFBC}") = "SumInto20", "SumInto20.csproj", "{50FA7893-3E2A-481E-9497-5B969B60FDA7}"
EndProject
Project("{FAE04EC0-301F-11D3-BF4B-00C04F79EFBC}") = "SumInto20Test", "..\SumInto20Test\SumInto20Test.csproj", "{680CD257-2C4C-4678-BF84-7BC7397B80CA}"
EndProject
Global
	GlobalSection(SolutionConfigurationPlatforms) = preSolution
		Debug|Any CPU = Debug|Any CPU
		Release|Any CPU = Release|Any CPU
	EndGlobalSection
	GlobalSection(ProjectConfigurationPlatforms) = postSolution
		{50FA7893-3E2A-481E-9497-5B969B60FDA7}.Debug|Any CPU.ActiveCfg = Debug|Any CPU
		{50FA7893-3E2A-481E-9497-5B969B60FDA7}.Debug|Any CPU.Build.0 = Debug|Any CPU
		{50FA7893-3E2A-481E-9497-5B969B60FDA7}.Release|Any CPU.ActiveCfg = Release|Any CPU
		{50FA7893-3E2A-481E-9497-5B969B60FDA7}.Release|Any CPU.Build.0 = Release|Any CPU
		{680CD257-2C4C-4678-BF84-7BC7397B80CA}.Debug|Any CPU.ActiveCfg = Debug|Any CPU
		{680CD257-2C4C-4678-BF84-7BC7397B80CA}.Debug|Any CPU.Build.0 = Debug|Any CPU
		{680CD257-2C4C-4678-BF84-7BC7397B80CA}.Release|Any CPU.ActiveCfg = Release|Any CPU
		{680CD257-2C4C-4678-BF84-7BC7397B80CA}.Release|Any CPU.Build.0 = Release|Any CPU
	EndGlobalSection
	GlobalSection(SolutionProperties) = preSolution
		HideSolutionNode = FALSE
	EndGlobalSection
	GlobalSection(ExtensibilityGlobals) = postSolution
		SolutionGuid = {BAB4CECC-4569-4B24-912E-5E168C6D5140}
	EndGlobalSection
EndGlobal
